
Microsoft Visual Studio Solution File, Format Version 12.00
# Visual Studio 15
VisualStudioVersion = 15.0.27130.2024
MinimumVisualStudioVersion = 10.0.40219.1
Project("{FAE04EC0-301F-11D3-BF4B-00C04F79EFBC}") = "cs-ifc-exporter", "cs-ifc-exporter\cs-ifc-exporter.csproj", "{BBF410C0-1843-4102-878F-1A9A02D22609}"
EndProject
Global
	GlobalSection(SolutionConfigurationPlatforms) = preSolution
		Debug|Any CPU = Debug|Any CPU
		Release|Any CPU = Release|Any CPU
	EndGlobalSection
	GlobalSection(ProjectConfigurationPlatforms) = postSolution
		{BBF410C0-1843-4102-878F-1A9A02D22609}.Debug|Any CPU.ActiveCfg = Debug|Any CPU
		{BBF410C0-1843-4102-878F-1A9A02D22609}.Debug|Any CPU.Build.0 = Debug|Any CPU
		{BBF410C0-1843-4102-878F-1A9A02D22609}.Release|Any CPU.ActiveCfg = Release|Any CPU
		{BBF410C0-1843-4102-878F-1A9A02D22609}.Release|Any CPU.Build.0 = Release|Any CPU
	EndGlobalSection
	GlobalSection(SolutionProperties) = preSolution
		HideSolutionNode = FALSE
	EndGlobalSection
	GlobalSection(ExtensibilityGlobals) = postSolution
		SolutionGuid = {BAE74BD1-2F8E-4FCC-8209-68AF04F874BF}
	EndGlobalSection
EndGlobal
